[root]
name = "geopattern"
version = "0.0.1"
dependencies = [
 "color 0.0.1 (git+https://github.com/bjz/color-rs.git#870e1252a660e145b755ed1ef23c46a0c71e8d84)",
]

[[package]]
name = "color"
version = "0.0.1"
source = "git+https://github.com/bjz/color-rs.git#870e1252a660e145b755ed1ef23c46a0c71e8d84"

